
Microsoft Visual Studio Solution File, Format Version 12.00
# Visual Studio Version 17
VisualStudioVersion = 17.11.35222.181
MinimumVisualStudioVersion = 10.0.40219.1
Project("{FAE04EC0-301F-11D3-BF4B-00C04F79EFBC}") = "Pr8_III_15", "Pr8_III_15\Pr8_III_15.csproj", "{0B6E862E-CCA4-4357-8BF0-A706887C96D7}"
EndProject
Global
	GlobalSection(SolutionConfigurationPlatforms) = preSolution
		Debug|Any CPU = Debug|Any CPU
		Release|Any CPU = Release|Any CPU
	EndGlobalSection
	GlobalSection(ProjectConfigurationPlatforms) = postSolution
		{0B6E862E-CCA4-4357-8BF0-A706887C96D7}.Debug|Any CPU.ActiveCfg = Debug|Any CPU
		{0B6E862E-CCA4-4357-8BF0-A706887C96D7}.Debug|Any CPU.Build.0 = Debug|Any CPU
		{0B6E862E-CCA4-4357-8BF0-A706887C96D7}.Release|Any CPU.ActiveCfg = Release|Any CPU
		{0B6E862E-CCA4-4357-8BF0-A706887C96D7}.Release|Any CPU.Build.0 = Release|Any CPU
	EndGlobalSection
	GlobalSection(SolutionProperties) = preSolution
		HideSolutionNode = FALSE
	EndGlobalSection
	GlobalSection(ExtensibilityGlobals) = postSolution
		SolutionGuid = {8DBA450E-8DC2-4C0B-AF7A-503004B105C0}
	EndGlobalSection
EndGlobal
