
Microsoft Visual Studio Solution File, Format Version 12.00
# Visual Studio Version 17
VisualStudioVersion = 17.13.35828.75 d17.13
MinimumVisualStudioVersion = 10.0.40219.1
Project("{FAE04EC0-301F-11D3-BF4B-00C04F79EFBC}") = "Pr21_I_15", "Pr21_I_15\Pr21_I_15.csproj", "{61A920F5-7DA7-41D6-8006-404DD0CD91B8}"
EndProject
Global
	GlobalSection(SolutionConfigurationPlatforms) = preSolution
		Debug|Any CPU = Debug|Any CPU
		Release|Any CPU = Release|Any CPU
	EndGlobalSection
	GlobalSection(ProjectConfigurationPlatforms) = postSolution
		{61A920F5-7DA7-41D6-8006-404DD0CD91B8}.Debug|Any CPU.ActiveCfg = Debug|Any CPU
		{61A920F5-7DA7-41D6-8006-404DD0CD91B8}.Debug|Any CPU.Build.0 = Debug|Any CPU
		{61A920F5-7DA7-41D6-8006-404DD0CD91B8}.Release|Any CPU.ActiveCfg = Release|Any CPU
		{61A920F5-7DA7-41D6-8006-404DD0CD91B8}.Release|Any CPU.Build.0 = Release|Any CPU
	EndGlobalSection
	GlobalSection(SolutionProperties) = preSolution
		HideSolutionNode = FALSE
	EndGlobalSection
	GlobalSection(ExtensibilityGlobals) = postSolution
		SolutionGuid = {006DCE7A-4004-4967-8349-34BED38EC08F}
	EndGlobalSection
EndGlobal
