
Microsoft Visual Studio Solution File, Format Version 12.00
# Visual Studio Version 17
VisualStudioVersion = 17.13.35931.197
MinimumVisualStudioVersion = 10.0.40219.1
Project("{FAE04EC0-301F-11D3-BF4B-00C04F79EFBC}") = "Task.ThreeLayer.BLL", "Task.ThreeLayer.BLL\Task.ThreeLayer.BLL.csproj", "{3E578A44-2BC4-404C-9119-B8655147D10D}"
EndProject
Project("{FAE04EC0-301F-11D3-BF4B-00C04F79EFBC}") = "Task.ThreeLayer.DAL", "Task.ThreeLayer.DAL\Task.ThreeLayer.DAL.csproj", "{E49856D9-9084-4CC0-A504-1ADB06AC5D95}"
EndProject
Project("{FAE04EC0-301F-11D3-BF4B-00C04F79EFBC}") = "Task.ThreeLayer.Entities", "Task.ThreeLayer.Entities\Task.ThreeLayer.Entities.csproj", "{93AF1DA5-F147-462C-9FBA-A7BA6E57C950}"
EndProject
Project("{FAE04EC0-301F-11D3-BF4B-00C04F79EFBC}") = "Task.ThreeLayer.Common", "Task.ThreeLayer.Common\Task.ThreeLayer.Common.csproj", "{7EF01672-D747-4333-93AA-5DFDD5E5DD14}"
EndProject
Project("{2150E333-8FDC-42A3-9474-1A3956D46DE8}") = "BLL", "BLL", "{36D591C7-65C7-A0D1-1CBC-10CDE441BDC8}"
EndProject
Project("{2150E333-8FDC-42A3-9474-1A3956D46DE8}") = "Common", "Common", "{32BAC9DD-263B-4E77-9462-EEE42EB37FFE}"
EndProject
Project("{2150E333-8FDC-42A3-9474-1A3956D46DE8}") = "DAL", "DAL", "{088F4C10-53DB-401C-B49C-A3F52F5792AE}"
EndProject
Global
	GlobalSection(SolutionConfigurationPlatforms) = preSolution
		Debug|Any CPU = Debug|Any CPU
		Release|Any CPU = Release|Any CPU
	EndGlobalSection
	GlobalSection(ProjectConfigurationPlatforms) = postSolution
		{3E578A44-2BC4-404C-9119-B8655147D10D}.Debug|Any CPU.ActiveCfg = Debug|Any CPU
		{3E578A44-2BC4-404C-9119-B8655147D10D}.Debug|Any CPU.Build.0 = Debug|Any CPU
		{3E578A44-2BC4-404C-9119-B8655147D10D}.Release|Any CPU.ActiveCfg = Release|Any CPU
		{3E578A44-2BC4-404C-9119-B8655147D10D}.Release|Any CPU.Build.0 = Release|Any CPU
		{E49856D9-9084-4CC0-A504-1ADB06AC5D95}.Debug|Any CPU.ActiveCfg = Debug|Any CPU
		{E49856D9-9084-4CC0-A504-1ADB06AC5D95}.Debug|Any CPU.Build.0 = Debug|Any CPU
		{E49856D9-9084-4CC0-A504-1ADB06AC5D95}.Release|Any CPU.ActiveCfg = Release|Any CPU
		{E49856D9-9084-4CC0-A504-1ADB06AC5D95}.Release|Any CPU.Build.0 = Release|Any CPU
		{93AF1DA5-F147-462C-9FBA-A7BA6E57C950}.Debug|Any CPU.ActiveCfg = Debug|Any CPU
		{93AF1DA5-F147-462C-9FBA-A7BA6E57C950}.Debug|Any CPU.Build.0 = Debug|Any CPU
		{93AF1DA5-F147-462C-9FBA-A7BA6E57C950}.Release|Any CPU.ActiveCfg = Release|Any CPU
		{93AF1DA5-F147-462C-9FBA-A7BA6E57C950}.Release|Any CPU.Build.0 = Release|Any CPU
		{7EF01672-D747-4333-93AA-5DFDD5E5DD14}.Debug|Any CPU.ActiveCfg = Debug|Any CPU
		{7EF01672-D747-4333-93AA-5DFDD5E5DD14}.Debug|Any CPU.Build.0 = Debug|Any CPU
		{7EF01672-D747-4333-93AA-5DFDD5E5DD14}.Release|Any CPU.ActiveCfg = Release|Any CPU
		{7EF01672-D747-4333-93AA-5DFDD5E5DD14}.Release|Any CPU.Build.0 = Release|Any CPU
	EndGlobalSection
	GlobalSection(SolutionProperties) = preSolution
		HideSolutionNode = FALSE
	EndGlobalSection
	GlobalSection(NestedProjects) = preSolution
		{3E578A44-2BC4-404C-9119-B8655147D10D} = {36D591C7-65C7-A0D1-1CBC-10CDE441BDC8}
		{E49856D9-9084-4CC0-A504-1ADB06AC5D95} = {088F4C10-53DB-401C-B49C-A3F52F5792AE}
		{93AF1DA5-F147-462C-9FBA-A7BA6E57C950} = {32BAC9DD-263B-4E77-9462-EEE42EB37FFE}
		{7EF01672-D747-4333-93AA-5DFDD5E5DD14} = {32BAC9DD-263B-4E77-9462-EEE42EB37FFE}
	EndGlobalSection
	GlobalSection(ExtensibilityGlobals) = postSolution
		SolutionGuid = {9F3CE192-515A-4FE8-B46D-C14D2365B0DE}
	EndGlobalSection
EndGlobal
