
Microsoft Visual Studio Solution File, Format Version 12.00
# Visual Studio Version 17
VisualStudioVersion = 17.11.35222.181
MinimumVisualStudioVersion = 10.0.40219.1
Project("{FAE04EC0-301F-11D3-BF4B-00C04F79EFBC}") = "Pr14_II_5", "Pr14_II_5\Pr14_II_5.csproj", "{CF5E87FA-7C78-42B2-B445-07B160C0746D}"
EndProject
Global
	GlobalSection(SolutionConfigurationPlatforms) = preSolution
		Debug|Any CPU = Debug|Any CPU
		Release|Any CPU = Release|Any CPU
	EndGlobalSection
	GlobalSection(ProjectConfigurationPlatforms) = postSolution
		{CF5E87FA-7C78-42B2-B445-07B160C0746D}.Debug|Any CPU.ActiveCfg = Debug|Any CPU
		{CF5E87FA-7C78-42B2-B445-07B160C0746D}.Debug|Any CPU.Build.0 = Debug|Any CPU
		{CF5E87FA-7C78-42B2-B445-07B160C0746D}.Release|Any CPU.ActiveCfg = Release|Any CPU
		{CF5E87FA-7C78-42B2-B445-07B160C0746D}.Release|Any CPU.Build.0 = Release|Any CPU
	EndGlobalSection
	GlobalSection(SolutionProperties) = preSolution
		HideSolutionNode = FALSE
	EndGlobalSection
	GlobalSection(ExtensibilityGlobals) = postSolution
		SolutionGuid = {274326F6-42C6-4CBB-B570-77DE5E6E3182}
	EndGlobalSection
EndGlobal
