
Microsoft Visual Studio Solution File, Format Version 12.00
# Visual Studio Version 17
VisualStudioVersion = 17.11.35222.181
MinimumVisualStudioVersion = 10.0.40219.1
Project("{FAE04EC0-301F-11D3-BF4B-00C04F79EFBC}") = "Pr9_II_15", "Pr9_II_15\Pr9_II_15.csproj", "{F709F4B7-2DC7-423B-8032-63AA00E70CC9}"
EndProject
Global
	GlobalSection(SolutionConfigurationPlatforms) = preSolution
		Debug|Any CPU = Debug|Any CPU
		Release|Any CPU = Release|Any CPU
	EndGlobalSection
	GlobalSection(ProjectConfigurationPlatforms) = postSolution
		{F709F4B7-2DC7-423B-8032-63AA00E70CC9}.Debug|Any CPU.ActiveCfg = Debug|Any CPU
		{F709F4B7-2DC7-423B-8032-63AA00E70CC9}.Debug|Any CPU.Build.0 = Debug|Any CPU
		{F709F4B7-2DC7-423B-8032-63AA00E70CC9}.Release|Any CPU.ActiveCfg = Release|Any CPU
		{F709F4B7-2DC7-423B-8032-63AA00E70CC9}.Release|Any CPU.Build.0 = Release|Any CPU
	EndGlobalSection
	GlobalSection(SolutionProperties) = preSolution
		HideSolutionNode = FALSE
	EndGlobalSection
	GlobalSection(ExtensibilityGlobals) = postSolution
		SolutionGuid = {BA733CBB-2A7D-4060-8F7B-8A70BA141E21}
	EndGlobalSection
EndGlobal
