
Microsoft Visual Studio Solution File, Format Version 12.00
# Visual Studio Version 17
VisualStudioVersion = 17.11.35222.181
MinimumVisualStudioVersion = 10.0.40219.1
Project("{FAE04EC0-301F-11D3-BF4B-00C04F79EFBC}") = "Pr15_I_15", "Pr15_I_15\Pr15_I_15.csproj", "{A5CC7A85-347A-47F1-BB27-78B2C4902C10}"
EndProject
Global
	GlobalSection(SolutionConfigurationPlatforms) = preSolution
		Debug|Any CPU = Debug|Any CPU
		Release|Any CPU = Release|Any CPU
	EndGlobalSection
	GlobalSection(ProjectConfigurationPlatforms) = postSolution
		{A5CC7A85-347A-47F1-BB27-78B2C4902C10}.Debug|Any CPU.ActiveCfg = Debug|Any CPU
		{A5CC7A85-347A-47F1-BB27-78B2C4902C10}.Debug|Any CPU.Build.0 = Debug|Any CPU
		{A5CC7A85-347A-47F1-BB27-78B2C4902C10}.Release|Any CPU.ActiveCfg = Release|Any CPU
		{A5CC7A85-347A-47F1-BB27-78B2C4902C10}.Release|Any CPU.Build.0 = Release|Any CPU
	EndGlobalSection
	GlobalSection(SolutionProperties) = preSolution
		HideSolutionNode = FALSE
	EndGlobalSection
	GlobalSection(ExtensibilityGlobals) = postSolution
		SolutionGuid = {86001156-1C93-4544-AE6C-FABC3D4213D3}
	EndGlobalSection
EndGlobal
